// !$*UTF8*$!
{
	archiveVersion = 1;
	classes = {
	};
	objectVersion = 50;
	objects = {

/* Begin PBXBuildFile section */
		6D1963EB24FE63FC00B820AD /* EmojiMemoryGameView.swift in Sources */ = {isa = PBXBuildFile; fileRef = 6D1963EA24FE63FC00B820AD /* EmojiMemoryGameView.swift */; };
		6D3A43B22500E5FB00E88CD5 /* Grid.swift in Sources */ = {isa = PBXBuildFile; fileRef = 6D3A43B12500E5FB00E88CD5 /* Grid.swift */; };
		6D3A43B42500F17300E88CD5 /* GridLayout.swift in Sources */ = {isa = PBXBuildFile; fileRef = 6D3A43B32500F17300E88CD5 /* GridLayout.swift */; };
		6D3A43B62500F4F000E88CD5 /* Array+Identifiable.swift in Sources */ = {isa = PBXBuildFile; fileRef = 6D3A43B52500F4F000E88CD5 /* Array+Identifiable.swift */; };
		6D3A43B825012FB200E88CD5 /* Array+only.swift in Sources */ = {isa = PBXBuildFile; fileRef = 6D3A43B725012FB200E88CD5 /* Array+only.swift */; };
		6D47F48D24F6728900ACFA51 /* AppDelegate.swift in Sources */ = {isa = PBXBuildFile; fileRef = 6D47F48C24F6728900ACFA51 /* AppDelegate.swift */; };
		6D47F48F24F6728900ACFA51 /* SceneDelegate.swift in Sources */ = {isa = PBXBuildFile; fileRef = 6D47F48E24F6728900ACFA51 /* SceneDelegate.swift */; };
		6D47F49324F6728A00ACFA51 /* Assets.xcassets in Resources */ = {isa = PBXBuildFile; fileRef = 6D47F49224F6728A00ACFA51 /* Assets.xcassets */; };
		6D47F49624F6728A00ACFA51 /* Preview Assets.xcassets in Resources */ = {isa = PBXBuildFile; fileRef = 6D47F49524F6728A00ACFA51 /* Preview Assets.xcassets */; };
		6D47F49924F6728A00ACFA51 /* LaunchScreen.storyboard in Resources */ = {isa = PBXBuildFile; fileRef = 6D47F49724F6728A00ACFA51 /* LaunchScreen.storyboard */; };
		6D73F76C250234310042ABC4 /* MemoryGameChooseThemeView.swift in Sources */ = {isa = PBXBuildFile; fileRef = 6D73F76B250234310042ABC4 /* MemoryGameChooseThemeView.swift */; };
		6D73F76F250234690042ABC4 /* MemoryGameThemeViewModel.swift in Sources */ = {isa = PBXBuildFile; fileRef = 6D73F76E250234690042ABC4 /* MemoryGameThemeViewModel.swift */; };
		6D73F771250234FE0042ABC4 /* MemoryGameThemeDataSource.swift in Sources */ = {isa = PBXBuildFile; fileRef = 6D73F770250234FE0042ABC4 /* MemoryGameThemeDataSource.swift */; };
		6DE1B0FA24FE4516004CD0B6 /* MemoryGame.swift in Sources */ = {isa = PBXBuildFile; fileRef = 6DE1B0F924FE4516004CD0B6 /* MemoryGame.swift */; };
		6DE1B0FC24FE4709004CD0B6 /* EmojyMemoryGame.swift in Sources */ = {isa = PBXBuildFile; fileRef = 6DE1B0FB24FE4709004CD0B6 /* EmojyMemoryGame.swift */; };
/* End PBXBuildFile section */

/* Begin PBXFileReference section */
		6D1963EA24FE63FC00B820AD /* EmojiMemoryGameView.swift */ = {isa = PBXFileReference; fileEncoding = 4; lastKnownFileType = sourcecode.swift; path = EmojiMemoryGameView.swift; sourceTree = "<group>"; };
		6D3A43B12500E5FB00E88CD5 /* Grid.swift */ = {isa = PBXFileReference; lastKnownFileType = sourcecode.swift; path = Grid.swift; sourceTree = "<group>"; };
		6D3A43B32500F17300E88CD5 /* GridLayout.swift */ = {isa = PBXFileReference; fileEncoding = 4; lastKnownFileType = sourcecode.swift; path = GridLayout.swift; sourceTree = "<group>"; };
		6D3A43B52500F4F000E88CD5 /* Array+Identifiable.swift */ = {isa = PBXFileReference; lastKnownFileType = sourcecode.swift; path = "Array+Identifiable.swift"; sourceTree = "<group>"; };
		6D3A43B725012FB200E88CD5 /* Array+only.swift */ = {isa = PBXFileReference; lastKnownFileType = sourcecode.swift; path = "Array+only.swift"; sourceTree = "<group>"; };
		6D47F48924F6728900ACFA51 /* Project1Stanford.app */ = {isa = PBXFileReference; explicitFileType = wrapper.application; includeInIndex = 0; path = Project1Stanford.app; sourceTree = BUILT_PRODUCTS_DIR; };
		6D47F48C24F6728900ACFA51 /* AppDelegate.swift */ = {isa = PBXFileReference; lastKnownFileType = sourcecode.swift; path = AppDelegate.swift; sourceTree = "<group>"; };
		6D47F48E24F6728900ACFA51 /* SceneDelegate.swift */ = {isa = PBXFileReference; lastKnownFileType = sourcecode.swift; path = SceneDelegate.swift; sourceTree = "<group>"; };
		6D47F49224F6728A00ACFA51 /* Assets.xcassets */ = {isa = PBXFileReference; lastKnownFileType = folder.assetcatalog; path = Assets.xcassets; sourceTree = "<group>"; };
		6D47F49524F6728A00ACFA51 /* Preview Assets.xcassets */ = {isa = PBXFileReference; lastKnownFileType = folder.assetcatalog; path = "Preview Assets.xcassets"; sourceTree = "<group>"; };
		6D47F49824F6728A00ACFA51 /* Base */ = {isa = PBXFileReference; lastKnownFileType = file.storyboard; name = Base; path = Base.lproj/LaunchScreen.storyboard; sourceTree = "<group>"; };
		6D47F49A24F6728A00ACFA51 /* Info.plist */ = {isa = PBXFileReference; lastKnownFileType = text.plist.xml; path = Info.plist; sourceTree = "<group>"; };
		6D73F76B250234310042ABC4 /* MemoryGameChooseThemeView.swift */ = {isa = PBXFileReference; lastKnownFileType = sourcecode.swift; path = MemoryGameChooseThemeView.swift; sourceTree = "<group>"; };
		6D73F76E250234690042ABC4 /* MemoryGameThemeViewModel.swift */ = {isa = PBXFileReference; lastKnownFileType = sourcecode.swift; path = MemoryGameThemeViewModel.swift; sourceTree = "<group>"; };
		6D73F770250234FE0042ABC4 /* MemoryGameThemeDataSource.swift */ = {isa = PBXFileReference; lastKnownFileType = sourcecode.swift; path = MemoryGameThemeDataSource.swift; sourceTree = "<group>"; };
		6DE1B0F924FE4516004CD0B6 /* MemoryGame.swift */ = {isa = PBXFileReference; lastKnownFileType = sourcecode.swift; path = MemoryGame.swift; sourceTree = "<group>"; };
		6DE1B0FB24FE4709004CD0B6 /* EmojyMemoryGame.swift */ = {isa = PBXFileReference; lastKnownFileType = sourcecode.swift; path = EmojyMemoryGame.swift; sourceTree = "<group>"; };
/* End PBXFileReference section */

/* Begin PBXFrameworksBuildPhase section */
		6D47F48624F6728900ACFA51 /* Frameworks */ = {
			isa = PBXFrameworksBuildPhase;
			buildActionMask = 2147483647;
			files = (
			);
			runOnlyForDeploymentPostprocessing = 0;
		};
/* End PBXFrameworksBuildPhase section */

/* Begin PBXGroup section */
		6D47F48024F6728900ACFA51 = {
			isa = PBXGroup;
			children = (
				6D47F48B24F6728900ACFA51 /* Project1Stanford */,
				6D47F48A24F6728900ACFA51 /* Products */,
			);
			sourceTree = "<group>";
		};
		6D47F48A24F6728900ACFA51 /* Products */ = {
			isa = PBXGroup;
			children = (
				6D47F48924F6728900ACFA51 /* Project1Stanford.app */,
			);
			name = Products;
			sourceTree = "<group>";
		};
		6D47F48B24F6728900ACFA51 /* Project1Stanford */ = {
			isa = PBXGroup;
			children = (
				6D73F76D250234530042ABC4 /* Theme */,
				6D3A43B32500F17300E88CD5 /* GridLayout.swift */,
				6DE1B0FB24FE4709004CD0B6 /* EmojyMemoryGame.swift */,
				6DE1B0F924FE4516004CD0B6 /* MemoryGame.swift */,
				6D3A43B725012FB200E88CD5 /* Array+only.swift */,
				6D47F48C24F6728900ACFA51 /* AppDelegate.swift */,
				6D1963EA24FE63FC00B820AD /* EmojiMemoryGameView.swift */,
				6D3A43B12500E5FB00E88CD5 /* Grid.swift */,
				6D3A43B52500F4F000E88CD5 /* Array+Identifiable.swift */,
				6D47F48E24F6728900ACFA51 /* SceneDelegate.swift */,
				6D47F49224F6728A00ACFA51 /* Assets.xcassets */,
				6D47F49724F6728A00ACFA51 /* LaunchScreen.storyboard */,
				6D47F49A24F6728A00ACFA51 /* Info.plist */,
				6D47F49424F6728A00ACFA51 /* Preview Content */,
			);
			path = Project1Stanford;
			sourceTree = "<group>";
		};
		6D47F49424F6728A00ACFA51 /* Preview Content */ = {
			isa = PBXGroup;
			children = (
				6D47F49524F6728A00ACFA51 /* Preview Assets.xcassets */,
			);
			path = "Preview Content";
			sourceTree = "<group>";
		};
		6D73F76D250234530042ABC4 /* Theme */ = {
			isa = PBXGroup;
			children = (
				6D73F76B250234310042ABC4 /* MemoryGameChooseThemeView.swift */,
				6D73F76E250234690042ABC4 /* MemoryGameThemeViewModel.swift */,
				6D73F770250234FE0042ABC4 /* MemoryGameThemeDataSource.swift */,
			);
			path = Theme;
			sourceTree = "<group>";
		};
/* End PBXGroup section */

/* Begin PBXNativeTarget section */
		6D47F48824F6728900ACFA51 /* Project1Stanford */ = {
			isa = PBXNativeTarget;
			buildConfigurationList = 6D47F49D24F6728A00ACFA51 /* Build configuration list for PBXNativeTarget "Project1Stanford" */;
			buildPhases = (
				6D47F48524F6728900ACFA51 /* Sources */,
				6D47F48624F6728900ACFA51 /* Frameworks */,
				6D47F48724F6728900ACFA51 /* Resources */,
			);
			buildRules = (
			);
			dependencies = (
			);
			name = Project1Stanford;
			productName = Project1Stanford;
			productReference = 6D47F48924F6728900ACFA51 /* Project1Stanford.app */;
			productType = "com.apple.product-type.application";
		};
/* End PBXNativeTarget section */

/* Begin PBXProject section */
		6D47F48124F6728900ACFA51 /* Project object */ = {
			isa = PBXProject;
			attributes = {
				LastSwiftUpdateCheck = 1130;
				LastUpgradeCheck = 1130;
				ORGANIZATIONNAME = user159106;
				TargetAttributes = {
					6D47F48824F6728900ACFA51 = {
						CreatedOnToolsVersion = 11.3.1;
					};
				};
			};
			buildConfigurationList = 6D47F48424F6728900ACFA51 /* Build configuration list for PBXProject "Project1Stanford" */;
			compatibilityVersion = "Xcode 9.3";
			developmentRegion = en;
			hasScannedForEncodings = 0;
			knownRegions = (
				en,
				Base,
			);
			mainGroup = 6D47F48024F6728900ACFA51;
			productRefGroup = 6D47F48A24F6728900ACFA51 /* Products */;
			projectDirPath = "";
			projectRoot = "";
			targets = (
				6D47F48824F6728900ACFA51 /* Project1Stanford */,
			);
		};
/* End PBXProject section */

/* Begin PBXResourcesBuildPhase section */
		6D47F48724F6728900ACFA51 /* Resources */ = {
			isa = PBXResourcesBuildPhase;
			buildActionMask = 2147483647;
			files = (
				6D47F49924F6728A00ACFA51 /* LaunchScreen.storyboard in Resources */,
				6D47F49624F6728A00ACFA51 /* Preview Assets.xcassets in Resources */,
				6D47F49324F6728A00ACFA51 /* Assets.xcassets in Resources */,
			);
			runOnlyForDeploymentPostprocessing = 0;
		};
/* End PBXResourcesBuildPhase section */

/* Begin PBXSourcesBuildPhase section */
		6D47F48524F6728900ACFA51 /* Sources */ = {
			isa = PBXSourcesBuildPhase;
			buildActionMask = 2147483647;
			files = (
				6D47F48D24F6728900ACFA51 /* AppDelegate.swift in Sources */,
				6D47F48F24F6728900ACFA51 /* SceneDelegate.swift in Sources */,
				6D73F76C250234310042ABC4 /* MemoryGameChooseThemeView.swift in Sources */,
				6D1963EB24FE63FC00B820AD /* EmojiMemoryGameView.swift in Sources */,
				6D3A43B825012FB200E88CD5 /* Array+only.swift in Sources */,
				6D73F76F250234690042ABC4 /* MemoryGameThemeViewModel.swift in Sources */,
				6DE1B0FA24FE4516004CD0B6 /* MemoryGame.swift in Sources */,
				6D73F771250234FE0042ABC4 /* MemoryGameThemeDataSource.swift in Sources */,
				6DE1B0FC24FE4709004CD0B6 /* EmojyMemoryGame.swift in Sources */,
				6D3A43B62500F4F000E88CD5 /* Array+Identifiable.swift in Sources */,
				6D3A43B42500F17300E88CD5 /* GridLayout.swift in Sources */,
				6D3A43B22500E5FB00E88CD5 /* Grid.swift in Sources */,
			);
			runOnlyForDeploymentPostprocessing = 0;
		};
/* End PBXSourcesBuildPhase section */

/* Begin PBXVariantGroup section */
		6D47F49724F6728A00ACFA51 /* LaunchScreen.storyboard */ = {
			isa = PBXVariantGroup;
			children = (
				6D47F49824F6728A00ACFA51 /* Base */,
			);
			name = LaunchScreen.storyboard;
			sourceTree = "<group>";
		};
/* End PBXVariantGroup section */

/* Begin XCBuildConfiguration section */
		6D47F49B24F6728A00ACFA51 /* Debug */ = {
			isa = XCBuildConfiguration;
			buildSettings = {
				ALWAYS_SEARCH_USER_PATHS = NO;
				CLANG_ANALYZER_NONNULL = YES;
				CLANG_ANALYZER_NUMBER_OBJECT_CONVERSION = YES_AGGRESSIVE;
				CLANG_CXX_LANGUAGE_STANDARD = "gnu++14";
				CLANG_CXX_LIBRARY = "libc++";
				CLANG_ENABLE_MODULES = YES;
				CLANG_ENABLE_OBJC_ARC = YES;
				CLANG_ENABLE_OBJC_WEAK = YES;
				CLANG_WARN_BLOCK_CAPTURE_AUTORELEASING = YES;
				CLANG_WARN_BOOL_CONVERSION = YES;
				CLANG_WARN_COMMA = YES;
				CLANG_WARN_CONSTANT_CONVERSION = YES;
				CLANG_WARN_DEPRECATED_OBJC_IMPLEMENTATIONS = YES;
				CLANG_WARN_DIRECT_OBJC_ISA_USAGE = YES_ERROR;
				CLANG_WARN_DOCUMENTATION_COMMENTS = YES;
				CLANG_WARN_EMPTY_BODY = YES;
				CLANG_WARN_ENUM_CONVERSION = YES;
				CLANG_WARN_INFINITE_RECURSION = YES;
				CLANG_WARN_INT_CONVERSION = YES;
				CLANG_WARN_NON_LITERAL_NULL_CONVERSION = YES;
				CLANG_WARN_OBJC_IMPLICIT_RETAIN_SELF = YES;
				CLANG_WARN_OBJC_LITERAL_CONVERSION = YES;
				CLANG_WARN_OBJC_ROOT_CLASS = YES_ERROR;
				CLANG_WARN_RANGE_LOOP_ANALYSIS = YES;
				CLANG_WARN_STRICT_PROTOTYPES = YES;
				CLANG_WARN_SUSPICIOUS_MOVE = YES;
				CLANG_WARN_UNGUARDED_AVAILABILITY = YES_AGGRESSIVE;
				CLANG_WARN_UNREACHABLE_CODE = YES;
				CLANG_WARN__DUPLICATE_METHOD_MATCH = YES;
				COPY_PHASE_STRIP = NO;
				DEBUG_INFORMATION_FORMAT = dwarf;
				ENABLE_STRICT_OBJC_MSGSEND = YES;
				ENABLE_TESTABILITY = YES;
				GCC_C_LANGUAGE_STANDARD = gnu11;
				GCC_DYNAMIC_NO_PIC = NO;
				GCC_NO_COMMON_BLOCKS = YES;
				GCC_OPTIMIZATION_LEVEL = 0;
				GCC_PREPROCESSOR_DEFINITIONS = (
					"DEBUG=1",
					"$(inherited)",
				);
				GCC_WARN_64_TO_32_BIT_CONVERSION = YES;
				GCC_WARN_ABOUT_RETURN_TYPE = YES_ERROR;
				GCC_WARN_UNDECLARED_SELECTOR = YES;
				GCC_WARN_UNINITIALIZED_AUTOS = YES_AGGRESSIVE;
				GCC_WARN_UNUSED_FUNCTION = YES;
				GCC_WARN_UNUSED_VARIABLE = YES;
				IPHONEOS_DEPLOYMENT_TARGET = 13.2;
				MTL_ENABLE_DEBUG_INFO = INCLUDE_SOURCE;
				MTL_FAST_MATH = YES;
				ONLY_ACTIVE_ARCH = YES;
				SDKROOT = iphoneos;
				SWIFT_ACTIVE_COMPILATION_CONDITIONS = DEBUG;
				SWIFT_OPTIMIZATION_LEVEL = "-Onone";
			};
			name = Debug;
		};
		6D47F49C24F6728A00ACFA51 /* Release */ = {
			isa = XCBuildConfiguration;
			buildSettings = {
				ALWAYS_SEARCH_USER_PATHS = NO;
				CLANG_ANALYZER_NONNULL = YES;
				CLANG_ANALYZER_NUMBER_OBJECT_CONVERSION = YES_AGGRESSIVE;
				CLANG_CXX_LANGUAGE_STANDARD = "gnu++14";
				CLANG_CXX_LIBRARY = "libc++";
				CLANG_ENABLE_MODULES = YES;
				CLANG_ENABLE_OBJC_ARC = YES;
				CLANG_ENABLE_OBJC_WEAK = YES;
				CLANG_WARN_BLOCK_CAPTURE_AUTORELEASING = YES;
				CLANG_WARN_BOOL_CONVERSION = YES;
				CLANG_WARN_COMMA = YES;
				CLANG_WARN_CONSTANT_CONVERSION = YES;
				CLANG_WARN_DEPRECATED_OBJC_IMPLEMENTATIONS = YES;
				CLANG_WARN_DIRECT_OBJC_ISA_USAGE = YES_ERROR;
				CLANG_WARN_DOCUMENTATION_COMMENTS = YES;
				CLANG_WARN_EMPTY_BODY = YES;
				CLANG_WARN_ENUM_CONVERSION = YES;
				CLANG_WARN_INFINITE_RECURSION = YES;
				CLANG_WARN_INT_CONVERSION = YES;
				CLANG_WARN_NON_LITERAL_NULL_CONVERSION = YES;
				CLANG_WARN_OBJC_IMPLICIT_RETAIN_SELF = YES;
				CLANG_WARN_OBJC_LITERAL_CONVERSION = YES;
				CLANG_WARN_OBJC_ROOT_CLASS = YES_ERROR;
				CLANG_WARN_RANGE_LOOP_ANALYSIS = YES;
				CLANG_WARN_STRICT_PROTOTYPES = YES;
				CLANG_WARN_SUSPICIOUS_MOVE = YES;
				CLANG_WARN_UNGUARDED_AVAILABILITY = YES_AGGRESSIVE;
				CLANG_WARN_UNREACHABLE_CODE = YES;
				CLANG_WARN__DUPLICATE_METHOD_MATCH = YES;
				COPY_PHASE_STRIP = NO;
				DEBUG_INFORMATION_FORMAT = "dwarf-with-dsym";
				ENABLE_NS_ASSERTIONS = NO;
				ENABLE_STRICT_OBJC_MSGSEND = YES;
				GCC_C_LANGUAGE_STANDARD = gnu11;
				GCC_NO_COMMON_BLOCKS = YES;
				GCC_WARN_64_TO_32_BIT_CONVERSION = YES;
				GCC_WARN_ABOUT_RETURN_TYPE = YES_ERROR;
				GCC_WARN_UNDECLARED_SELECTOR = YES;
				GCC_WARN_UNINITIALIZED_AUTOS = YES_AGGRESSIVE;
				GCC_WARN_UNUSED_FUNCTION = YES;
				GCC_WARN_UNUSED_VARIABLE = YES;
				IPHONEOS_DEPLOYMENT_TARGET = 13.2;
				MTL_ENABLE_DEBUG_INFO = NO;
				MTL_FAST_MATH = YES;
				SDKROOT = iphoneos;
				SWIFT_COMPILATION_MODE = wholemodule;
				SWIFT_OPTIMIZATION_LEVEL = "-O";
				VALIDATE_PRODUCT = YES;
			};
			name = Release;
		};
		6D47F49E24F6728A00ACFA51 /* Debug */ = {
			isa = XCBuildConfiguration;
			buildSettings = {
				ASSETCATALOG_COMPILER_APPICON_NAME = AppIcon;
				CODE_SIGN_STYLE = Automatic;
				DEVELOPMENT_ASSET_PATHS = "\"Project1Stanford/Preview Content\"";
				DEVELOPMENT_TEAM = 8DURMPUBZ2;
				ENABLE_PREVIEWS = YES;
				INFOPLIST_FILE = Project1Stanford/Info.plist;
				LD_RUNPATH_SEARCH_PATHS = (
					"$(inherited)",
					"@executable_path/Frameworks",
				);
				PRODUCT_BUNDLE_IDENTIFIER = com.alexandru.apostol.Project1Stanford;
				PRODUCT_NAME = "$(TARGET_NAME)";
				SWIFT_VERSION = 5.0;
				TARGETED_DEVICE_FAMILY = "1,2";
			};
			name = Debug;
		};
		6D47F49F24F6728A00ACFA51 /* Release */ = {
			isa = XCBuildConfiguration;
			buildSettings = {
				ASSETCATALOG_COMPILER_APPICON_NAME = AppIcon;
				CODE_SIGN_STYLE = Automatic;
				DEVELOPMENT_ASSET_PATHS = "\"Project1Stanford/Preview Content\"";
				DEVELOPMENT_TEAM = 8DURMPUBZ2;
				ENABLE_PREVIEWS = YES;
				INFOPLIST_FILE = Project1Stanford/Info.plist;
				LD_RUNPATH_SEARCH_PATHS = (
					"$(inherited)",
					"@executable_path/Frameworks",
				);
				PRODUCT_BUNDLE_IDENTIFIER = com.alexandru.apostol.Project1Stanford;
				PRODUCT_NAME = "$(TARGET_NAME)";
				SWIFT_VERSION = 5.0;
				TARGETED_DEVICE_FAMILY = "1,2";
			};
			name = Release;
		};
/* End XCBuildConfiguration section */

/* Begin XCConfigurationList section */
		6D47F48424F6728900ACFA51 /* Build configuration list for PBXProject "Project1Stanford" */ = {
			isa = XCConfigurationList;
			buildConfigurations = (
				6D47F49B24F6728A00ACFA51 /* Debug */,
				6D47F49C24F6728A00ACFA51 /* Release */,
			);
			defaultConfigurationIsVisible = 0;
			defaultConfigurationName = Release;
		};
		6D47F49D24F6728A00ACFA51 /* Build configuration list for PBXNativeTarget "Project1Stanford" */ = {
			isa = XCConfigurationList;
			buildConfigurations = (
				6D47F49E24F6728A00ACFA51 /* Debug */,
				6D47F49F24F6728A00ACFA51 /* Release */,
			);
			defaultConfigurationIsVisible = 0;
			defaultConfigurationName = Release;
		};
/* End XCConfigurationList section */
	};
	rootObject = 6D47F48124F6728900ACFA51 /* Project object */;
}
